
Microsoft Visual Studio Solution File, Format Version 12.00
# Visual Studio Version 17
VisualStudioVersion = 17.7.34221.43
MinimumVisualStudioVersion = 10.0.40219.1
Project("{FAE04EC0-301F-11D3-BF4B-00C04F79EFBC}") = "ModelFirst", "ModelFirst\ModelFirst.csproj", "{FC83581E-EE99-454A-B5D4-F263A7E3FEB3}"
EndProject
Global
	GlobalSection(SolutionConfigurationPlatforms) = preSolution
		Debug|Any CPU = Debug|Any CPU
		Release|Any CPU = Release|Any CPU
	EndGlobalSection
	GlobalSection(ProjectConfigurationPlatforms) = postSolution
		{FC83581E-EE99-454A-B5D4-F263A7E3FEB3}.Debug|Any CPU.ActiveCfg = Debug|Any CPU
		{FC83581E-EE99-454A-B5D4-F263A7E3FEB3}.Debug|Any CPU.Build.0 = Debug|Any CPU
		{FC83581E-EE99-454A-B5D4-F263A7E3FEB3}.Release|Any CPU.ActiveCfg = Release|Any CPU
		{FC83581E-EE99-454A-B5D4-F263A7E3FEB3}.Release|Any CPU.Build.0 = Release|Any CPU
	EndGlobalSection
	GlobalSection(SolutionProperties) = preSolution
		HideSolutionNode = FALSE
	EndGlobalSection
	GlobalSection(ExtensibilityGlobals) = postSolution
		SolutionGuid = {B788E1BD-591A-4F4B-B321-45BA306E54E8}
	EndGlobalSection
EndGlobal
